
Microsoft Visual Studio Solution File, Format Version 12.00
# Visual Studio Version 17
VisualStudioVersion = 17.3.32819.101
MinimumVisualStudioVersion = 10.0.40219.1
Project("{2150E333-8FDC-42A3-9474-1A3956D46DE8}") = "Services", "Services", "{1BA25D9F-9B4A-4A5A-AF63-F2CFEF3AA3C4}"
EndProject
Project("{9A19103F-16F7-4668-BE54-9A1E7A4F7556}") = "ShopsRUs.Services.Api", "Services\ShopsRUs.Services.Api\ShopsRUs.Services.Api.csproj", "{1D1073FF-BD21-43A6-80BE-7FFFDF2FBD31}"
EndProject
Project("{FAE04EC0-301F-11D3-BF4B-00C04F79EFBC}") = "ShopsRUs.UnitTest.TestProject", "UnitTest\ShopsRUs.UnitTest.TestProject\ShopsRUs.UnitTest.TestProject.csproj", "{4326593A-1691-4DCD-94AC-82B7AFE24122}"
EndProject
Project("{2150E333-8FDC-42A3-9474-1A3956D46DE8}") = "UnitTest", "UnitTest", "{5D001B0D-9270-46E1-8CBC-66F6863C67EC}"
EndProject
Global
	GlobalSection(SolutionConfigurationPlatforms) = preSolution
		Debug|Any CPU = Debug|Any CPU
		Release|Any CPU = Release|Any CPU
	EndGlobalSection
	GlobalSection(ProjectConfigurationPlatforms) = postSolution
		{1D1073FF-BD21-43A6-80BE-7FFFDF2FBD31}.Debug|Any CPU.ActiveCfg = Debug|Any CPU
		{1D1073FF-BD21-43A6-80BE-7FFFDF2FBD31}.Debug|Any CPU.Build.0 = Debug|Any CPU
		{1D1073FF-BD21-43A6-80BE-7FFFDF2FBD31}.Release|Any CPU.ActiveCfg = Release|Any CPU
		{1D1073FF-BD21-43A6-80BE-7FFFDF2FBD31}.Release|Any CPU.Build.0 = Release|Any CPU
		{4326593A-1691-4DCD-94AC-82B7AFE24122}.Debug|Any CPU.ActiveCfg = Debug|Any CPU
		{4326593A-1691-4DCD-94AC-82B7AFE24122}.Debug|Any CPU.Build.0 = Debug|Any CPU
		{4326593A-1691-4DCD-94AC-82B7AFE24122}.Release|Any CPU.ActiveCfg = Release|Any CPU
		{4326593A-1691-4DCD-94AC-82B7AFE24122}.Release|Any CPU.Build.0 = Release|Any CPU
	EndGlobalSection
	GlobalSection(SolutionProperties) = preSolution
		HideSolutionNode = FALSE
	EndGlobalSection
	GlobalSection(NestedProjects) = preSolution
		{1D1073FF-BD21-43A6-80BE-7FFFDF2FBD31} = {1BA25D9F-9B4A-4A5A-AF63-F2CFEF3AA3C4}
		{4326593A-1691-4DCD-94AC-82B7AFE24122} = {5D001B0D-9270-46E1-8CBC-66F6863C67EC}
	EndGlobalSection
	GlobalSection(ExtensibilityGlobals) = postSolution
		SolutionGuid = {984A6417-1F9F-491A-AACB-46F10A79434F}
	EndGlobalSection
EndGlobal
